
Microsoft Visual Studio Solution File, Format Version 12.00
# Visual Studio Version 16
VisualStudioVersion = 16.0.30804.86
MinimumVisualStudioVersion = 10.0.40219.1
Project("{8BC9CEB8-8B4A-11D0-8D11-00A0C91BC942}") = "字符串去空格", "字符串去空格.vcxproj", "{97220498-F8A4-443A-8F9B-3811EC54861B}"
EndProject
Global
	GlobalSection(SolutionConfigurationPlatforms) = preSolution
		Debug|x64 = Debug|x64
		Debug|x86 = Debug|x86
		Release|x64 = Release|x64
		Release|x86 = Release|x86
	EndGlobalSection
	GlobalSection(ProjectConfigurationPlatforms) = postSolution
		{97220498-F8A4-443A-8F9B-3811EC54861B}.Debug|x64.ActiveCfg = Debug|x64
		{97220498-F8A4-443A-8F9B-3811EC54861B}.Debug|x64.Build.0 = Debug|x64
		{97220498-F8A4-443A-8F9B-3811EC54861B}.Debug|x86.ActiveCfg = Debug|Win32
		{97220498-F8A4-443A-8F9B-3811EC54861B}.Debug|x86.Build.0 = Debug|Win32
		{97220498-F8A4-443A-8F9B-3811EC54861B}.Release|x64.ActiveCfg = Release|x64
		{97220498-F8A4-443A-8F9B-3811EC54861B}.Release|x64.Build.0 = Release|x64
		{97220498-F8A4-443A-8F9B-3811EC54861B}.Release|x86.ActiveCfg = Release|Win32
		{97220498-F8A4-443A-8F9B-3811EC54861B}.Release|x86.Build.0 = Release|Win32
	EndGlobalSection
	GlobalSection(SolutionProperties) = preSolution
		HideSolutionNode = FALSE
	EndGlobalSection
	GlobalSection(ExtensibilityGlobals) = postSolution
		SolutionGuid = {360AD7A3-A471-4D48-B027-32A7750BDA2D}
	EndGlobalSection
EndGlobal
