
Microsoft Visual Studio Solution File, Format Version 12.00
# Visual Studio Version 16
VisualStudioVersion = 16.0.30804.86
MinimumVisualStudioVersion = 10.0.40219.1
Project("{8BC9CEB8-8B4A-11D0-8D11-00A0C91BC942}") = "模拟链表", "模拟链表.vcxproj", "{B81B114E-48C2-4064-901C-56ED106917BF}"
EndProject
Global
	GlobalSection(SolutionConfigurationPlatforms) = preSolution
		Debug|x64 = Debug|x64
		Debug|x86 = Debug|x86
		Release|x64 = Release|x64
		Release|x86 = Release|x86
	EndGlobalSection
	GlobalSection(ProjectConfigurationPlatforms) = postSolution
		{B81B114E-48C2-4064-901C-56ED106917BF}.Debug|x64.ActiveCfg = Debug|x64
		{B81B114E-48C2-4064-901C-56ED106917BF}.Debug|x64.Build.0 = Debug|x64
		{B81B114E-48C2-4064-901C-56ED106917BF}.Debug|x86.ActiveCfg = Debug|Win32
		{B81B114E-48C2-4064-901C-56ED106917BF}.Debug|x86.Build.0 = Debug|Win32
		{B81B114E-48C2-4064-901C-56ED106917BF}.Release|x64.ActiveCfg = Release|x64
		{B81B114E-48C2-4064-901C-56ED106917BF}.Release|x64.Build.0 = Release|x64
		{B81B114E-48C2-4064-901C-56ED106917BF}.Release|x86.ActiveCfg = Release|Win32
		{B81B114E-48C2-4064-901C-56ED106917BF}.Release|x86.Build.0 = Release|Win32
	EndGlobalSection
	GlobalSection(SolutionProperties) = preSolution
		HideSolutionNode = FALSE
	EndGlobalSection
	GlobalSection(ExtensibilityGlobals) = postSolution
		SolutionGuid = {76F34D8C-AEFE-4245-AEAE-926E4F156CCE}
	EndGlobalSection
EndGlobal
